
Microsoft Visual Studio Solution File, Format Version 12.00
# Visual Studio Version 17
VisualStudioVersion = 17.0.31903.59
MinimumVisualStudioVersion = 10.0.40219.1
Project("{2150E333-8FDC-42A3-9474-1A3956D46DE8}") = "src", "src", "{827E0CD3-B72D-47B6-A68D-7590B98EB39B}"
EndProject
Project("{FAE04EC0-301F-11D3-BF4B-00C04F79EFBC}") = "VRCWakeMe.Core", "src\VRCWakeMe.Core\VRCWakeMe.Core.csproj", "{8A3F185D-E357-4B76-A955-B85464A78A6E}"
EndProject
Project("{FAE04EC0-301F-11D3-BF4B-00C04F79EFBC}") = "VRCWakeMe.App", "src\VRCWakeMe.App\VRCWakeMe.App.csproj", "{68B14ACB-9050-40B8-93B2-7D7FD1E44AAA}"
EndProject
Project("{FAE04EC0-301F-11D3-BF4B-00C04F79EFBC}") = "VRCWakeMe.Core.Tests", "tests\VRCWakeMe.Core.Tests\VRCWakeMe.Core.Tests.csproj", "{30AC62F4-BC98-484C-9162-7969DA468DED}"
EndProject
Global
	GlobalSection(SolutionConfigurationPlatforms) = preSolution
		Debug|Any CPU = Debug|Any CPU
		Debug|x64 = Debug|x64
		Debug|x86 = Debug|x86
		Release|Any CPU = Release|Any CPU
		Release|x64 = Release|x64
		Release|x86 = Release|x86
	EndGlobalSection
	GlobalSection(ProjectConfigurationPlatforms) = postSolution
		{8A3F185D-E357-4B76-A955-B85464A78A6E}.Debug|Any CPU.ActiveCfg = Debug|Any CPU
		{8A3F185D-E357-4B76-A955-B85464A78A6E}.Debug|Any CPU.Build.0 = Debug|Any CPU
		{8A3F185D-E357-4B76-A955-B85464A78A6E}.Debug|x64.ActiveCfg = Debug|Any CPU
		{8A3F185D-E357-4B76-A955-B85464A78A6E}.Debug|x64.Build.0 = Debug|Any CPU
		{8A3F185D-E357-4B76-A955-B85464A78A6E}.Debug|x86.ActiveCfg = Debug|Any CPU
		{8A3F185D-E357-4B76-A955-B85464A78A6E}.Debug|x86.Build.0 = Debug|Any CPU
		{8A3F185D-E357-4B76-A955-B85464A78A6E}.Release|Any CPU.ActiveCfg = Release|Any CPU
		{8A3F185D-E357-4B76-A955-B85464A78A6E}.Release|Any CPU.Build.0 = Release|Any CPU
		{8A3F185D-E357-4B76-A955-B85464A78A6E}.Release|x64.ActiveCfg = Release|Any CPU
		{8A3F185D-E357-4B76-A955-B85464A78A6E}.Release|x64.Build.0 = Release|Any CPU
		{8A3F185D-E357-4B76-A955-B85464A78A6E}.Release|x86.ActiveCfg = Release|Any CPU
		{8A3F185D-E357-4B76-A955-B85464A78A6E}.Release|x86.Build.0 = Release|Any CPU
		{68B14ACB-9050-40B8-93B2-7D7FD1E44AAA}.Debug|Any CPU.ActiveCfg = Debug|Any CPU
		{68B14ACB-9050-40B8-93B2-7D7FD1E44AAA}.Debug|Any CPU.Build.0 = Debug|Any CPU
		{68B14ACB-9050-40B8-93B2-7D7FD1E44AAA}.Debug|x64.ActiveCfg = Debug|Any CPU
		{68B14ACB-9050-40B8-93B2-7D7FD1E44AAA}.Debug|x64.Build.0 = Debug|Any CPU
		{68B14ACB-9050-40B8-93B2-7D7FD1E44AAA}.Debug|x86.ActiveCfg = Debug|Any CPU
		{68B14ACB-9050-40B8-93B2-7D7FD1E44AAA}.Debug|x86.Build.0 = Debug|Any CPU
		{68B14ACB-9050-40B8-93B2-7D7FD1E44AAA}.Release|Any CPU.ActiveCfg = Release|Any CPU
		{68B14ACB-9050-40B8-93B2-7D7FD1E44AAA}.Release|Any CPU.Build.0 = Release|Any CPU
		{68B14ACB-9050-40B8-93B2-7D7FD1E44AAA}.Release|x64.ActiveCfg = Release|Any CPU
		{68B14ACB-9050-40B8-93B2-7D7FD1E44AAA}.Release|x64.Build.0 = Release|Any CPU
		{68B14ACB-9050-40B8-93B2-7D7FD1E44AAA}.Release|x86.ActiveCfg = Release|Any CPU
		{68B14ACB-9050-40B8-93B2-7D7FD1E44AAA}.Release|x86.Build.0 = Release|Any CPU
		{30AC62F4-BC98-484C-9162-7969DA468DED}.Debug|Any CPU.ActiveCfg = Debug|Any CPU
		{30AC62F4-BC98-484C-9162-7969DA468DED}.Debug|Any CPU.Build.0 = Debug|Any CPU
		{30AC62F4-BC98-484C-9162-7969DA468DED}.Debug|x64.ActiveCfg = Debug|Any CPU
		{30AC62F4-BC98-484C-9162-7969DA468DED}.Debug|x64.Build.0 = Debug|Any CPU
		{30AC62F4-BC98-484C-9162-7969DA468DED}.Debug|x86.ActiveCfg = Debug|Any CPU
		{30AC62F4-BC98-484C-9162-7969DA468DED}.Debug|x86.Build.0 = Debug|Any CPU
		{30AC62F4-BC98-484C-9162-7969DA468DED}.Release|Any CPU.ActiveCfg = Release|Any CPU
		{30AC62F4-BC98-484C-9162-7969DA468DED}.Release|Any CPU.Build.0 = Release|Any CPU
		{30AC62F4-BC98-484C-9162-7969DA468DED}.Release|x64.ActiveCfg = Release|Any CPU
		{30AC62F4-BC98-484C-9162-7969DA468DED}.Release|x64.Build.0 = Release|Any CPU
		{30AC62F4-BC98-484C-9162-7969DA468DED}.Release|x86.ActiveCfg = Release|Any CPU
		{30AC62F4-BC98-484C-9162-7969DA468DED}.Release|x86.Build.0 = Release|Any CPU
	EndGlobalSection
	GlobalSection(SolutionProperties) = preSolution
		HideSolutionNode = FALSE
	EndGlobalSection
	GlobalSection(NestedProjects) = preSolution
		{8A3F185D-E357-4B76-A955-B85464A78A6E} = {827E0CD3-B72D-47B6-A68D-7590B98EB39B}
		{68B14ACB-9050-40B8-93B2-7D7FD1E44AAA} = {827E0CD3-B72D-47B6-A68D-7590B98EB39B}
		{30AC62F4-BC98-484C-9162-7969DA468DED} = {827E0CD3-B72D-47B6-A68D-7590B98EB39B}
	EndGlobalSection
EndGlobal
